
Microsoft Visual Studio Solution File, Format Version 12.00
# Visual Studio Version 17
VisualStudioVersion = 17.5.002.0
MinimumVisualStudioVersion = 10.0.40219.1
Project("{2150E333-8FDC-42A3-9474-1A3956D46DE8}") = "1753-CTF", "1753-CTF", "{B5420D11-0824-400F-8B8B-33ADFE33F3EB}"
EndProject
Project("{2150E333-8FDC-42A3-9474-1A3956D46DE8}") = "Web Crypto", "Web Crypto", "{6B26CD03-5D1D-427E-9BAC-88EC4A3B19B9}"
EndProject
Project("{9A19103F-16F7-4668-BE54-9A1E7A4F7556}") = "App", "1753-CTF\Web Crypto\Ticket API\App.csproj", "{45955CB1-7B31-4C31-B396-0AE535D76B93}"
EndProject
Global
	GlobalSection(SolutionConfigurationPlatforms) = preSolution
		Debug|Any CPU = Debug|Any CPU
		Release|Any CPU = Release|Any CPU
	EndGlobalSection
	GlobalSection(ProjectConfigurationPlatforms) = postSolution
		{45955CB1-7B31-4C31-B396-0AE535D76B93}.Debug|Any CPU.ActiveCfg = Debug|Any CPU
		{45955CB1-7B31-4C31-B396-0AE535D76B93}.Debug|Any CPU.Build.0 = Debug|Any CPU
		{45955CB1-7B31-4C31-B396-0AE535D76B93}.Release|Any CPU.ActiveCfg = Release|Any CPU
		{45955CB1-7B31-4C31-B396-0AE535D76B93}.Release|Any CPU.Build.0 = Release|Any CPU
	EndGlobalSection
	GlobalSection(SolutionProperties) = preSolution
		HideSolutionNode = FALSE
	EndGlobalSection
	GlobalSection(NestedProjects) = preSolution
		{6B26CD03-5D1D-427E-9BAC-88EC4A3B19B9} = {B5420D11-0824-400F-8B8B-33ADFE33F3EB}
		{45955CB1-7B31-4C31-B396-0AE535D76B93} = {6B26CD03-5D1D-427E-9BAC-88EC4A3B19B9}
	EndGlobalSection
	GlobalSection(ExtensibilityGlobals) = postSolution
		SolutionGuid = {5234464C-C946-4FC0-8650-83C1E62298EB}
	EndGlobalSection
EndGlobal
